PODS:
  - Bolts/Tasks (1.5.1)
  - CorePlot (2.0)
  - InputValidators (1.0.0)
  - Keys (1.0.0)
  - MBProgressHUD (1.0.0)
  - Nimbus/Core (1.2.2)
  - Nimbus/Models (1.2.2):
    - Nimbus/Core
  - Parse (1.12.0):
    - Bolts/Tasks (~> 1.5)
  - RamblerTyphoonUtils/AssemblyCollector (1.4.0)
  - Typhoon (3.5.1):
    - Typhoon/no-arc (= 3.5.1)
  - Typhoon/no-arc (3.5.1)
  - ViperMcFlurry (1.0.1):
    - ViperMcFlurry/Core (= 1.0.1)
    - ViperMcFlurry/IntermoduleDataTransfer (= 1.0.1)
    - ViperMcFlurry/ModuleFactory (= 1.0.1)
  - ViperMcFlurry/Core (1.0.1)
  - ViperMcFlurry/IntermoduleDataTransfer (1.0.1):
    - ViperMcFlurry/Core
  - ViperMcFlurry/ModuleFactory (1.0.1):
    - ViperMcFlurry/Core

DEPENDENCIES:
  - CorePlot (= 2.0)
  - InputValidators (~> 1.0)
  - Keys (from `Pods/CocoaPodsKeys`)
  - MBProgressHUD (~> 1.0)
  - Nimbus/Models (from `https://github.com/rambler-ios/nimbus`)
  - Parse (~> 1.12)
  - RamblerTyphoonUtils/AssemblyCollector
  - Typhoon
  - ViperMcFlurry

EXTERNAL SOURCES:
  Keys:
    :path: Pods/CocoaPodsKeys
  Nimbus:
    :git: https://github.com/rambler-ios/nimbus

CHECKOUT OPTIONS:
  Nimbus:
    :commit: dbe381217100e68c22d6fdf8780f493d57d9f5d2
    :git: https://github.com/rambler-ios/nimbus

SPEC CHECKSUMS:
  Bolts: a12663244b1d3351c738882e71902fc74db54f64
  CorePlot: b7f422ad363f2b0e48152471d6da45ce232eb8c6
  InputValidators: b278d3042d23893533d688cfb1563370d4cb184e
  Keys: 7d2ff6ff42f6903358267ce56e9392f83c31acfe
  MBProgressHUD: 4890f671c94e8a0f3cf959aa731e9de2f036d71a
  Nimbus: 355131d4656498bf072fecc142752a9f343eb59b
  Parse: de2c52a9a1421b91ae7594ab8ce191afd184f19b
  RamblerTyphoonUtils: 38dd906775ca5f7138752a531c4ffdc50b5f1927
  Typhoon: c0950bb9f2e835eb8a7dc6983160109b6baf2dda
  ViperMcFlurry: 591dde343d0d47f41fe880bdc921ac28543c8e6a

COCOAPODS: 0.39.0
